
Microsoft Visual Studio Solution File, Format Version 12.00
# Visual Studio Version 16
VisualStudioVersion = 16.0.32510.428
MinimumVisualStudioVersion = 10.0.40219.1
Project("{FAE04EC0-301F-11D3-BF4B-00C04F79EFBC}") = "NetworkSystem", "NetworkSystem\NetworkSystem.csproj", "{C1786C5C-4EB2-4053-86BB-4BC1C1254076}"
EndProject
Global
	GlobalSection(SolutionConfigurationPlatforms) = preSolution
		Debug|Any CPU = Debug|Any CPU
		Release|Any CPU = Release|Any CPU
	EndGlobalSection
	GlobalSection(ProjectConfigurationPlatforms) = postSolution
		{C1786C5C-4EB2-4053-86BB-4BC1C1254076}.Debug|Any CPU.ActiveCfg = Debug|Any CPU
		{C1786C5C-4EB2-4053-86BB-4BC1C1254076}.Debug|Any CPU.Build.0 = Debug|Any CPU
		{C1786C5C-4EB2-4053-86BB-4BC1C1254076}.Release|Any CPU.ActiveCfg = Release|Any CPU
		{C1786C5C-4EB2-4053-86BB-4BC1C1254076}.Release|Any CPU.Build.0 = Release|Any CPU
	EndGlobalSection
	GlobalSection(SolutionProperties) = preSolution
		HideSolutionNode = FALSE
	EndGlobalSection
	GlobalSection(ExtensibilityGlobals) = postSolution
		SolutionGuid = {15C57169-8AA9-4EC7-9FE5-DD001E388144}
	EndGlobalSection
EndGlobal
